
Microsoft Visual Studio Solution File, Format Version 12.00
# Visual Studio Version 16
VisualStudioVersion = 16.0.32929.386
MinimumVisualStudioVersion = 10.0.40219.1
Project("{FAE04EC0-301F-11D3-BF4B-00C04F79EFBC}") = "Class_na_temat_aut", "Class_na_temat_aut\Class_na_temat_aut.csproj", "{94BE0040-306B-4B19-82DA-59209E3F55D8}"
EndProject
Global
	GlobalSection(SolutionConfigurationPlatforms) = preSolution
		Debug|Any CPU = Debug|Any CPU
		Release|Any CPU = Release|Any CPU
	EndGlobalSection
	GlobalSection(ProjectConfigurationPlatforms) = postSolution
		{94BE0040-306B-4B19-82DA-59209E3F55D8}.Debug|Any CPU.ActiveCfg = Debug|Any CPU
		{94BE0040-306B-4B19-82DA-59209E3F55D8}.Debug|Any CPU.Build.0 = Debug|Any CPU
		{94BE0040-306B-4B19-82DA-59209E3F55D8}.Release|Any CPU.ActiveCfg = Release|Any CPU
		{94BE0040-306B-4B19-82DA-59209E3F55D8}.Release|Any CPU.Build.0 = Release|Any CPU
	EndGlobalSection
	GlobalSection(SolutionProperties) = preSolution
		HideSolutionNode = FALSE
	EndGlobalSection
	GlobalSection(ExtensibilityGlobals) = postSolution
		SolutionGuid = {A23FDBD7-0838-44DE-9E02-BAFF5BA8DA86}
	EndGlobalSection
EndGlobal
